{
  "lockfile_version": "1",
  "packages": {
    "github:NixOS/nixpkgs/nixpkgs-unstable": {
      "last_modified": "2026-07-01T23:21:54Z",
      "resolved": "github:NixOS/nixpkgs/9e92285f211dad236540fd617d7e30e0b99bc0e1?lastModified=1782948114"
    },
    "go@1.26.4": {
      "last_modified": "2026-06-27T07:37:20Z",
      "resolved": "github:NixOS/nixpkgs/3d46470bb3030020f7e1361f33514854f5bfa86d#go",
      "source": "devbox-search",
      "version": "1.26.4",
      "systems": {
        "aarch64-darwin": {
          "outputs": [
            {
              "name": "out",
              "path": "/nix/store/kyai650rrywrzflnwda9mbk2c2j9w68r-go-1.26.4",
              "default": true
            }
          ],
          "store_path": "/nix/store/kyai650rrywrzflnwda9mbk2c2j9w68r-go-1.26.4"
        },
        "aarch64-linux": {
          "outputs": [
            {
              "name": "out",
              "path": "/nix/store/lgcj27hrbanbc93xm9zdrldds7b1jrw8-go-1.26.4",
              "default": true
            }
          ],
          "store_path": "/nix/store/lgcj27hrbanbc93xm9zdrldds7b1jrw8-go-1.26.4"
        },
        "x86_64-darwin": {
          "outputs": [
            {
              "name": "out",
              "path": "/nix/store/h0z6ghmi3cihlbm163d72xs9p9nn04a1-go-1.26.4",
              "default": true
            }
          ],
          "store_path": "/nix/store/h0z6ghmi3cihlbm163d72xs9p9nn04a1-go-1.26.4"
        },
        "x86_64-linux": {
          "outputs": [
            {
              "name": "out",
              "path": "/nix/store/gb0njhqswlc5n127ikgyikvq39r40l6f-go-1.26.4",
              "default": true
            }
          ],
          "store_path": "/nix/store/gb0njhqswlc5n127ikgyikvq39r40l6f-go-1.26.4"
        }
      }
    },
    "gofumpt@0.10.0": {
      "last_modified": "2026-06-27T07:37:20Z",
      "resolved": "github:NixOS/nixpkgs/3d46470bb3030020f7e1361f33514854f5bfa86d#gofumpt",
      "source": "devbox-search",
      "version": "0.10.0",
      "systems": {
        "aarch64-darwin": {
          "outputs": [
            {
              "name": "out",
              "path": "/nix/store/jg59w4mwfzf7mjgv8dxwijal4f30mzwz-gofumpt-0.10.0",
              "default": true
            }
          ],
          "store_path": "/nix/store/jg59w4mwfzf7mjgv8dxwijal4f30mzwz-gofumpt-0.10.0"
        },
        "aarch64-linux": {
          "outputs": [
            {
              "name": "out",
              "path": "/nix/store/fy6p65j59nfjzbwz4899drzkavxydqhj-gofumpt-0.10.0",
              "default": true
            }
          ],
          "store_path": "/nix/store/fy6p65j59nfjzbwz4899drzkavxydqhj-gofumpt-0.10.0"
        },
        "x86_64-darwin": {
          "outputs": [
            {
              "name": "out",
              "path": "/nix/store/gm7fv070sm5xjivk676wg0gy6q87jd2w-gofumpt-0.10.0",
              "default": true
            }
          ],
          "store_path": "/nix/store/gm7fv070sm5xjivk676wg0gy6q87jd2w-gofumpt-0.10.0"
        },
        "x86_64-linux": {
          "outputs": [
            {
              "name": "out",
              "path": "/nix/store/njscsgjf3c410p0ifq6pnba4ack2d6is-gofumpt-0.10.0",
              "default": true
            }
          ],
          "store_path": "/nix/store/njscsgjf3c410p0ifq6pnba4ack2d6is-gofumpt-0.10.0"
        }
      }
    },
    "golangci-lint-langserver@0.0.12": {
      "last_modified": "2026-06-27T07:37:20Z",
      "resolved": "github:NixOS/nixpkgs/3d46470bb3030020f7e1361f33514854f5bfa86d#golangci-lint-langserver",
      "source": "devbox-search",
      "version": "0.0.12",
      "systems": {
        "aarch64-darwin": {
          "outputs": [
            {
              "name": "out",
              "path": "/nix/store/r54qrxd5cc2cbzpyijm3x2wbpsn14y7h-golangci-lint-langserver-0.0.12",
              "default": true
            }
          ],
          "store_path": "/nix/store/r54qrxd5cc2cbzpyijm3x2wbpsn14y7h-golangci-lint-langserver-0.0.12"
        },
        "aarch64-linux": {
          "outputs": [
            {
              "name": "out",
              "path": "/nix/store/p66hdai716cgx3nvrzr7lrf1rlgd33nz-golangci-lint-langserver-0.0.12",
              "default": true
            }
          ],
          "store_path": "/nix/store/p66hdai716cgx3nvrzr7lrf1rlgd33nz-golangci-lint-langserver-0.0.12"
        },
        "x86_64-darwin": {
          "outputs": [
            {
              "name": "out",
              "path": "/nix/store/j685abbfzq3wqldz8kmg7c9fjqxzba1j-golangci-lint-langserver-0.0.12",
              "default": true
            }
          ],
          "store_path": "/nix/store/j685abbfzq3wqldz8kmg7c9fjqxzba1j-golangci-lint-langserver-0.0.12"
        },
        "x86_64-linux": {
          "outputs": [
            {
              "name": "out",
              "path": "/nix/store/xi6x7i8j8w7cdhdjilmx4lfdyr8193zn-golangci-lint-langserver-0.0.12",
              "default": true
            }
          ],
          "store_path": "/nix/store/xi6x7i8j8w7cdhdjilmx4lfdyr8193zn-golangci-lint-langserver-0.0.12"
        }
      }
    },
    "golangci-lint@2.12.2": {
      "last_modified": "2026-06-27T07:37:20Z",
      "resolved": "github:NixOS/nixpkgs/3d46470bb3030020f7e1361f33514854f5bfa86d#golangci-lint",
      "source": "devbox-search",
      "version": "2.12.2",
      "systems": {
        "aarch64-darwin": {
          "outputs": [
            {
              "name": "out",
              "path": "/nix/store/q0mwmg8zin7aw87bllirja1bq58mphh6-golangci-lint-2.12.2",
              "default": true
            }
          ],
          "store_path": "/nix/store/q0mwmg8zin7aw87bllirja1bq58mphh6-golangci-lint-2.12.2"
        },
        "aarch64-linux": {
          "outputs": [
            {
              "name": "out",
              "path": "/nix/store/i6f2vzix80whq7z1z1pklzflxk5nbkwd-golangci-lint-2.12.2",
              "default": true
            }
          ],
          "store_path": "/nix/store/i6f2vzix80whq7z1z1pklzflxk5nbkwd-golangci-lint-2.12.2"
        },
        "x86_64-darwin": {
          "outputs": [
            {
              "name": "out",
              "path": "/nix/store/w8c3i6vmxnnj0xixvjsa9lva3rcd2rvs-golangci-lint-2.12.2",
              "default": true
            }
          ],
          "store_path": "/nix/store/w8c3i6vmxnnj0xixvjsa9lva3rcd2rvs-golangci-lint-2.12.2"
        },
        "x86_64-linux": {
          "outputs": [
            {
              "name": "out",
              "path": "/nix/store/1r5xmhis3iq5cn3wfq2jn62yiwsb97sc-golangci-lint-2.12.2",
              "default": true
            }
          ],
          "store_path": "/nix/store/1r5xmhis3iq5cn3wfq2jn62yiwsb97sc-golangci-lint-2.12.2"
        }
      }
    },
    "golines@0.15.0": {
      "last_modified": "2026-06-27T07:37:20Z",
      "resolved": "github:NixOS/nixpkgs/3d46470bb3030020f7e1361f33514854f5bfa86d#golines",
      "source": "devbox-search",
      "version": "0.15.0",
      "systems": {
        "aarch64-darwin": {
          "outputs": [
            {
              "name": "out",
              "path": "/nix/store/06mlc6kxs64avi210cy4cp3lb92391r6-golines-0.15.0",
              "default": true
            }
          ],
          "store_path": "/nix/store/06mlc6kxs64avi210cy4cp3lb92391r6-golines-0.15.0"
        },
        "aarch64-linux": {
          "outputs": [
            {
              "name": "out",
              "path": "/nix/store/dn1n46fcr4way1qnndrndw96i5xzwca3-golines-0.15.0",
              "default": true
            }
          ],
          "store_path": "/nix/store/dn1n46fcr4way1qnndrndw96i5xzwca3-golines-0.15.0"
        },
        "x86_64-darwin": {
          "outputs": [
            {
              "name": "out",
              "path": "/nix/store/amrhvwzbyc0gn3g4fld50ym3j87gry7l-golines-0.15.0",
              "default": true
            }
          ],
          "store_path": "/nix/store/amrhvwzbyc0gn3g4fld50ym3j87gry7l-golines-0.15.0"
        },
        "x86_64-linux": {
          "outputs": [
            {
              "name": "out",
              "path": "/nix/store/rfhjq02y19zbhmqgsfvvszrrd57m7i00-golines-0.15.0",
              "default": true
            }
          ],
          "store_path": "/nix/store/rfhjq02y19zbhmqgsfvvszrrd57m7i00-golines-0.15.0"
        }
      }
    },
    "gopls@0.22.0": {
      "last_modified": "2026-06-27T07:37:20Z",
      "resolved": "github:NixOS/nixpkgs/3d46470bb3030020f7e1361f33514854f5bfa86d#gopls",
      "source": "devbox-search",
      "version": "0.22.0",
      "systems": {
        "aarch64-darwin": {
          "outputs": [
            {
              "name": "out",
              "path": "/nix/store/arv7k4nzcm19y615n1za89npjwcw4g2s-gopls-0.22.0",
              "default": true
            }
          ],
          "store_path": "/nix/store/arv7k4nzcm19y615n1za89npjwcw4g2s-gopls-0.22.0"
        },
        "aarch64-linux": {
          "outputs": [
            {
              "name": "out",
              "path": "/nix/store/w9hyh9fphlz401rhmv91sva94cpicy8q-gopls-0.22.0",
              "default": true
            }
          ],
          "store_path": "/nix/store/w9hyh9fphlz401rhmv91sva94cpicy8q-gopls-0.22.0"
        },
        "x86_64-darwin": {
          "outputs": [
            {
              "name": "out",
              "path": "/nix/store/6z8644fchcyp265bdfav43f0j99vagfd-gopls-0.22.0",
              "default": true
            }
          ],
          "store_path": "/nix/store/6z8644fchcyp265bdfav43f0j99vagfd-gopls-0.22.0"
        },
        "x86_64-linux": {
          "outputs": [
            {
              "name": "out",
              "path": "/nix/store/9p7k1w1dj1qzm6rmpb8apw4qq27mlqww-gopls-0.22.0",
              "default": true
            }
          ],
          "store_path": "/nix/store/9p7k1w1dj1qzm6rmpb8apw4qq27mlqww-gopls-0.22.0"
        }
      }
    },
    "gotools@0.44.0": {
      "last_modified": "2026-06-27T07:37:20Z",
      "resolved": "github:NixOS/nixpkgs/3d46470bb3030020f7e1361f33514854f5bfa86d#gotools",
      "source": "devbox-search",
      "version": "0.44.0",
      "systems": {
        "aarch64-darwin": {
          "outputs": [
            {
              "name": "out",
              "path": "/nix/store/fh2ikzz3iwlm78r9d12chh7zml4szr1x-gotools-0.44.0",
              "default": true
            }
          ],
          "store_path": "/nix/store/fh2ikzz3iwlm78r9d12chh7zml4szr1x-gotools-0.44.0"
        },
        "aarch64-linux": {
          "outputs": [
            {
              "name": "out",
              "path": "/nix/store/wpfrss2sa04yabkc598qprhpja37jqaz-gotools-0.44.0",
              "default": true
            }
          ],
          "store_path": "/nix/store/wpfrss2sa04yabkc598qprhpja37jqaz-gotools-0.44.0"
        },
        "x86_64-darwin": {
          "outputs": [
            {
              "name": "out",
              "path": "/nix/store/c0gg0pzxcbscxlr07n0idnrkc2mzx7i3-gotools-0.44.0",
              "default": true
            }
          ],
          "store_path": "/nix/store/c0gg0pzxcbscxlr07n0idnrkc2mzx7i3-gotools-0.44.0"
        },
        "x86_64-linux": {
          "outputs": [
            {
              "name": "out",
              "path": "/nix/store/8nd8gnnyll5y584wf9lapk847w53ma03-gotools-0.44.0",
              "default": true
            }
          ],
          "store_path": "/nix/store/8nd8gnnyll5y584wf9lapk847w53ma03-gotools-0.44.0"
        }
      }
    },
    "just-lsp@0.4.7": {
      "last_modified": "2026-06-27T07:37:20Z",
      "resolved": "github:NixOS/nixpkgs/3d46470bb3030020f7e1361f33514854f5bfa86d#just-lsp",
      "source": "devbox-search",
      "version": "0.4.7",
      "systems": {
        "aarch64-darwin": {
          "outputs": [
            {
              "name": "out",
              "path": "/nix/store/4ynkgpk4fwypi6vl0lcz3za1h33q43dx-just-lsp-0.4.7",
              "default": true
            }
          ],
          "store_path": "/nix/store/4ynkgpk4fwypi6vl0lcz3za1h33q43dx-just-lsp-0.4.7"
        },
        "aarch64-linux": {
          "outputs": [
            {
              "name": "out",
              "path": "/nix/store/c2h9r59g3h89hdjf2pvbxnphf76ixmjf-just-lsp-0.4.7",
              "default": true
            }
          ],
          "store_path": "/nix/store/c2h9r59g3h89hdjf2pvbxnphf76ixmjf-just-lsp-0.4.7"
        },
        "x86_64-darwin": {
          "outputs": [
            {
              "name": "out",
              "path": "/nix/store/ndv9gg74bncr4ivahprvg22x6y0ijiqc-just-lsp-0.4.7",
              "default": true
            }
          ],
          "store_path": "/nix/store/ndv9gg74bncr4ivahprvg22x6y0ijiqc-just-lsp-0.4.7"
        },
        "x86_64-linux": {
          "outputs": [
            {
              "name": "out",
              "path": "/nix/store/f5658yf42dd72mqjq0ikpg1jlhpvhld3-just-lsp-0.4.7",
              "default": true
            }
          ],
          "store_path": "/nix/store/f5658yf42dd72mqjq0ikpg1jlhpvhld3-just-lsp-0.4.7"
        }
      }
    },
    "just@1.54.0": {
      "last_modified": "2026-06-27T07:37:20Z",
      "resolved": "github:NixOS/nixpkgs/3d46470bb3030020f7e1361f33514854f5bfa86d#just",
      "source": "devbox-search",
      "version": "1.54.0",
      "systems": {
        "aarch64-darwin": {
          "outputs": [
            {
              "name": "out",
              "path": "/nix/store/gdbxf7azmrwyr00k313r888rw3gr6mfd-just-1.54.0",
              "default": true
            },
            {
              "name": "man",
              "path": "/nix/store/y0476rym2901gafsxcr29w07778qdbf5-just-1.54.0-man",
              "default": true
            },
            {
              "name": "doc",
              "path": "/nix/store/viaamsidc2a6i9hsk7sslcin5ccisiba-just-1.54.0-doc"
            }
          ],
          "store_path": "/nix/store/gdbxf7azmrwyr00k313r888rw3gr6mfd-just-1.54.0"
        },
        "aarch64-linux": {
          "outputs": [
            {
              "name": "out",
              "path": "/nix/store/gbw1366v4d2hp3lffvz3k4bvig8h79vp-just-1.54.0",
              "default": true
            },
            {
              "name": "man",
              "path": "/nix/store/fsx5gcfax6fhhyb1cxq2a6r6qn7604wd-just-1.54.0-man",
              "default": true
            },
            {
              "name": "doc",
              "path": "/nix/store/vakwrh7cdzs3c7rklgbz3r0ivdd7v6dq-just-1.54.0-doc"
            }
          ],
          "store_path": "/nix/store/gbw1366v4d2hp3lffvz3k4bvig8h79vp-just-1.54.0"
        },
        "x86_64-darwin": {
          "outputs": [
            {
              "name": "out",
              "path": "/nix/store/qlms9i3zdsqpfwmdslpkl2xdcs6k76ba-just-1.54.0",
              "default": true
            },
            {
              "name": "man",
              "path": "/nix/store/x78s7737cb11q36isfcd11h24jff2h2p-just-1.54.0-man",
              "default": true
            },
            {
              "name": "doc",
              "path": "/nix/store/br88ib3kmmiydm96k4c2m4nnmrgq3zcj-just-1.54.0-doc"
            }
          ],
          "store_path": "/nix/store/qlms9i3zdsqpfwmdslpkl2xdcs6k76ba-just-1.54.0"
        },
        "x86_64-linux": {
          "outputs": [
            {
              "name": "out",
              "path": "/nix/store/jkvmgfmklm7q60sd4jl56h0315kbgi27-just-1.54.0",
              "default": true
            },
            {
              "name": "man",
              "path": "/nix/store/8y75gr1mhidc6b7x56kalk5ydqni9bf4-just-1.54.0-man",
              "default": true
            },
            {
              "name": "doc",
              "path": "/nix/store/ghqfn9gcdravrniw7iacpb46g00wf1fk-just-1.54.0-doc"
            }
          ],
          "store_path": "/nix/store/jkvmgfmklm7q60sd4jl56h0315kbgi27-just-1.54.0"
        }
      }
    },
    "nixd@2.9.1": {
      "last_modified": "2026-06-27T07:37:20Z",
      "resolved": "github:NixOS/nixpkgs/3d46470bb3030020f7e1361f33514854f5bfa86d#nixd",
      "source": "devbox-search",
      "version": "2.9.1",
      "systems": {
        "aarch64-darwin": {
          "outputs": [
            {
              "name": "out",
              "path": "/nix/store/dl6dkhb4md66s122xzb6qwp1db249v4c-nixd-2.9.1",
              "default": true
            }
          ],
          "store_path": "/nix/store/dl6dkhb4md66s122xzb6qwp1db249v4c-nixd-2.9.1"
        },
        "aarch64-linux": {
          "outputs": [
            {
              "name": "out",
              "path": "/nix/store/9w5l7637zf87v7388hsfzp8lyc701hnw-nixd-2.9.1",
              "default": true
            }
          ],
          "store_path": "/nix/store/9w5l7637zf87v7388hsfzp8lyc701hnw-nixd-2.9.1"
        },
        "x86_64-darwin": {
          "outputs": [
            {
              "name": "out",
              "path": "/nix/store/gmp3fq0jmmmiwiq8sp989cx572qhsm3w-nixd-2.9.1",
              "default": true
            }
          ],
          "store_path": "/nix/store/gmp3fq0jmmmiwiq8sp989cx572qhsm3w-nixd-2.9.1"
        },
        "x86_64-linux": {
          "outputs": [
            {
              "name": "out",
              "path": "/nix/store/w3n8ij71zax4smb9c1aib5m89gip7hzs-nixd-2.9.1",
              "default": true
            }
          ],
          "store_path": "/nix/store/w3n8ij71zax4smb9c1aib5m89gip7hzs-nixd-2.9.1"
        }
      }
    },
    "nixfmt@1.3.1": {
      "last_modified": "2026-06-27T07:37:20Z",
      "resolved": "github:NixOS/nixpkgs/3d46470bb3030020f7e1361f33514854f5bfa86d#nixfmt",
      "source": "devbox-search",
      "version": "1.3.1",
      "systems": {
        "aarch64-darwin": {
          "outputs": [
            {
              "name": "out",
              "path": "/nix/store/8qrkgg3a2bk28frgrckh4w9zb5bhnznb-nixfmt-1.3.1",
              "default": true
            }
          ],
          "store_path": "/nix/store/8qrkgg3a2bk28frgrckh4w9zb5bhnznb-nixfmt-1.3.1"
        },
        "aarch64-linux": {
          "outputs": [
            {
              "name": "out",
              "path": "/nix/store/8lzs5mf3zfpjgjrk2gs20875h9zfymjf-nixfmt-1.3.1",
              "default": true
            }
          ],
          "store_path": "/nix/store/8lzs5mf3zfpjgjrk2gs20875h9zfymjf-nixfmt-1.3.1"
        },
        "x86_64-darwin": {
          "outputs": [
            {
              "name": "out",
              "path": "/nix/store/j9nz1zjps3azx4cggfhjvy4cbb7lhwlg-nixfmt-1.3.1",
              "default": true
            }
          ],
          "store_path": "/nix/store/j9nz1zjps3azx4cggfhjvy4cbb7lhwlg-nixfmt-1.3.1"
        },
        "x86_64-linux": {
          "outputs": [
            {
              "name": "out",
              "path": "/nix/store/mhi45zliliv6qhvhb8g5sycy3jpv47rf-nixfmt-1.3.1",
              "default": true
            }
          ],
          "store_path": "/nix/store/mhi45zliliv6qhvhb8g5sycy3jpv47rf-nixfmt-1.3.1"
        }
      }
    }
  }
}
